
Microsoft Visual Studio Solution File, Format Version 12.00
# Visual Studio Version 17
VisualStudioVersion = 17.13.35919.96 d17.13
MinimumVisualStudioVersion = 10.0.40219.1
Project("{FAE04EC0-301F-11D3-BF4B-00C04F79EFBC}") = "Laboratory Activity 31", "Laboratory Activity 31.csproj", "{EA0DB0D7-58E2-4E3F-ACD6-3A4833FED19A}"
EndProject
Global
	GlobalSection(SolutionConfigurationPlatforms) = preSolution
		Debug|Any CPU = Debug|Any CPU
		Release|Any CPU = Release|Any CPU
	EndGlobalSection
	GlobalSection(ProjectConfigurationPlatforms) = postSolution
		{EA0DB0D7-58E2-4E3F-ACD6-3A4833FED19A}.Debug|Any CPU.ActiveCfg = Debug|Any CPU
		{EA0DB0D7-58E2-4E3F-ACD6-3A4833FED19A}.Debug|Any CPU.Build.0 = Debug|Any CPU
		{EA0DB0D7-58E2-4E3F-ACD6-3A4833FED19A}.Release|Any CPU.ActiveCfg = Release|Any CPU
		{EA0DB0D7-58E2-4E3F-ACD6-3A4833FED19A}.Release|Any CPU.Build.0 = Release|Any CPU
	EndGlobalSection
	GlobalSection(SolutionProperties) = preSolution
		HideSolutionNode = FALSE
	EndGlobalSection
	GlobalSection(ExtensibilityGlobals) = postSolution
		SolutionGuid = {45EEE3B2-1CCA-477D-A6EA-6A232B9EB2CE}
	EndGlobalSection
EndGlobal
